
Microsoft Visual Studio Solution File, Format Version 12.00
# Visual Studio Version 16
VisualStudioVersion = 16.0.30804.86
MinimumVisualStudioVersion = 10.0.40219.1
Project("{FAE04EC0-301F-11D3-BF4B-00C04F79EFBC}") = "CRUD", "CRUD\CRUD.csproj", "{84FB9BC1-0CD4-4B67-9DAE-1DCC09C5647E}"
EndProject
Global
	GlobalSection(SolutionConfigurationPlatforms) = preSolution
		Debug|Any CPU = Debug|Any CPU
		Release|Any CPU = Release|Any CPU
	EndGlobalSection
	GlobalSection(ProjectConfigurationPlatforms) = postSolution
		{84FB9BC1-0CD4-4B67-9DAE-1DCC09C5647E}.Debug|Any CPU.ActiveCfg = Debug|Any CPU
		{84FB9BC1-0CD4-4B67-9DAE-1DCC09C5647E}.Debug|Any CPU.Build.0 = Debug|Any CPU
		{84FB9BC1-0CD4-4B67-9DAE-1DCC09C5647E}.Release|Any CPU.ActiveCfg = Release|Any CPU
		{84FB9BC1-0CD4-4B67-9DAE-1DCC09C5647E}.Release|Any CPU.Build.0 = Release|Any CPU
	EndGlobalSection
	GlobalSection(SolutionProperties) = preSolution
		HideSolutionNode = FALSE
	EndGlobalSection
	GlobalSection(ExtensibilityGlobals) = postSolution
		SolutionGuid = {906432D6-A0B1-445D-B88E-33B9BF2A1319}
	EndGlobalSection
EndGlobal
